
Microsoft Visual Studio Solution File, Format Version 12.00
# Visual Studio Version 16
VisualStudioVersion = 16.0.32002.261
MinimumVisualStudioVersion = 10.0.40219.1
Project("{FAE04EC0-301F-11D3-BF4B-00C04F79EFBC}") = "Projeto Looping - Eduardo Borges e Eric", "Projeto Looping - Eduardo Borges e Eric\Projeto Looping - Eduardo Borges e Eric.csproj", "{4540C02D-FAB3-44C6-91EA-E3EEB559639F}"
EndProject
Global
	GlobalSection(SolutionConfigurationPlatforms) = preSolution
		Debug|Any CPU = Debug|Any CPU
		Release|Any CPU = Release|Any CPU
	EndGlobalSection
	GlobalSection(ProjectConfigurationPlatforms) = postSolution
		{4540C02D-FAB3-44C6-91EA-E3EEB559639F}.Debug|Any CPU.ActiveCfg = Debug|Any CPU
		{4540C02D-FAB3-44C6-91EA-E3EEB559639F}.Debug|Any CPU.Build.0 = Debug|Any CPU
		{4540C02D-FAB3-44C6-91EA-E3EEB559639F}.Release|Any CPU.ActiveCfg = Release|Any CPU
		{4540C02D-FAB3-44C6-91EA-E3EEB559639F}.Release|Any CPU.Build.0 = Release|Any CPU
	EndGlobalSection
	GlobalSection(SolutionProperties) = preSolution
		HideSolutionNode = FALSE
	EndGlobalSection
	GlobalSection(ExtensibilityGlobals) = postSolution
		SolutionGuid = {3BDDD58E-DC90-4E4A-BDA3-A7DE7D7F65BF}
	EndGlobalSection
EndGlobal
